
Microsoft Visual Studio Solution File, Format Version 12.00
# Visual Studio Version 17
VisualStudioVersion = 17.2.32526.322
MinimumVisualStudioVersion = 10.0.40219.1
Project("{8BC9CEB8-8B4A-11D0-8D11-00A0C91BC942}") = "ProcessExibicaoAlarmes", "ProcessExibicaoAlarmes.vcxproj", "{6585875D-088B-4CED-962F-9A34DF5FE9F9}"
EndProject
Global
	GlobalSection(SolutionConfigurationPlatforms) = preSolution
		Debug|x64 = Debug|x64
		Debug|x86 = Debug|x86
		Release|x64 = Release|x64
		Release|x86 = Release|x86
	EndGlobalSection
	GlobalSection(ProjectConfigurationPlatforms) = postSolution
		{6585875D-088B-4CED-962F-9A34DF5FE9F9}.Debug|x64.ActiveCfg = Debug|x64
		{6585875D-088B-4CED-962F-9A34DF5FE9F9}.Debug|x64.Build.0 = Debug|x64
		{6585875D-088B-4CED-962F-9A34DF5FE9F9}.Debug|x86.ActiveCfg = Debug|Win32
		{6585875D-088B-4CED-962F-9A34DF5FE9F9}.Debug|x86.Build.0 = Debug|Win32
		{6585875D-088B-4CED-962F-9A34DF5FE9F9}.Release|x64.ActiveCfg = Release|x64
		{6585875D-088B-4CED-962F-9A34DF5FE9F9}.Release|x64.Build.0 = Release|x64
		{6585875D-088B-4CED-962F-9A34DF5FE9F9}.Release|x86.ActiveCfg = Release|Win32
		{6585875D-088B-4CED-962F-9A34DF5FE9F9}.Release|x86.Build.0 = Release|Win32
	EndGlobalSection
	GlobalSection(SolutionProperties) = preSolution
		HideSolutionNode = FALSE
	EndGlobalSection
	GlobalSection(ExtensibilityGlobals) = postSolution
		SolutionGuid = {BD3DCF37-5F84-44C0-ABA7-6C45F9684200}
	EndGlobalSection
EndGlobal
